// !$*UTF8*$!
{
	archiveVersion = 1;
	classes = {
	};
	objectVersion = 46;
	objects = {

/* Begin PBXBuildFile section */
		C181FA57CB47BC6807B7FD32 /* libPods.a in Frameworks */ = {isa = PBXBuildFile; fileRef = D18F37A298149D135514E76D /* libPods.a */; };
		DC6267E81BEC5AAC0096AD93 /* Podfile in Resources */ = {isa = PBXBuildFile; fileRef = DC6267E71BEC5AAC0096AD93 /* Podfile */; settings = {ASSET_TAGS = (); }; };
		DCBA5DBD1BEAE2A30066737D /* main.m in Sources */ = {isa = PBXBuildFile; fileRef = DCBA5DBC1BEAE2A30066737D /* main.m */; };
		DCBA5DC01BEAE2A30066737D /* AppDelegate.m in Sources */ = {isa = PBXBuildFile; fileRef = DCBA5DBF1BEAE2A30066737D /* AppDelegate.m */; };
		DCBA5DC31BEAE2A30066737D /* ViewController.m in Sources */ = {isa = PBXBuildFile; fileRef = DCBA5DC21BEAE2A30066737D /* ViewController.m */; };
		DCBA5DC61BEAE2A30066737D /* Main.storyboard in Resources */ = {isa = PBXBuildFile; fileRef = DCBA5DC41BEAE2A30066737D /* Main.storyboard */; };
		DCBA5DC81BEAE2A30066737D /* Assets.xcassets in Resources */ = {isa = PBXBuildFile; fileRef = DCBA5DC71BEAE2A30066737D /* Assets.xcassets */; };
		DCBA5DCB1BEAE2A30066737D /* LaunchScreen.storyboard in Resources */ = {isa = PBXBuildFile; fileRef = DCBA5DC91BEAE2A30066737D /* LaunchScreen.storyboard */; };
		DCBA5DD61BEAE2A30066737D /* ScrollTabTests.m in Sources */ = {isa = PBXBuildFile; fileRef = DCBA5DD51BEAE2A30066737D /* ScrollTabTests.m */; };
		DCBA5DE11BEAE2A30066737D /* ScrollTabUITests.m in Sources */ = {isa = PBXBuildFile; fileRef = DCBA5DE01BEAE2A30066737D /* ScrollTabUITests.m */; };
		DCBA5DF01BEAE2CA0066737D /* TSTView.m in Sources */ = {isa = PBXBuildFile; fileRef = DCBA5DEF1BEAE2CA0066737D /* TSTView.m */; settings = {ASSET_TAGS = (); }; };
		DCBA5DF31BEAE2E00066737D /* NSLayoutConstraint+Util.m in Sources */ = {isa = PBXBuildFile; fileRef = DCBA5DF21BEAE2E00066737D /* NSLayoutConstraint+Util.m */; settings = {ASSET_TAGS = (); }; };
		DCBA5DF61BEAF43C0066737D /* UIColor+Util.m in Sources */ = {isa = PBXBuildFile; fileRef = DCBA5DF51BEAF43C0066737D /* UIColor+Util.m */; settings = {ASSET_TAGS = (); }; };
		DCBA5E141BEB41A80066737D /* LDRefreshFooterView.m in Sources */ = {isa = PBXBuildFile; fileRef = DCBA5E0D1BEB41A80066737D /* LDRefreshFooterView.m */; settings = {ASSET_TAGS = (); }; };
		DCBA5E151BEB41A80066737D /* LDRefreshHeaderView.m in Sources */ = {isa = PBXBuildFile; fileRef = DCBA5E0F1BEB41A80066737D /* LDRefreshHeaderView.m */; settings = {ASSET_TAGS = (); }; };
		DCBA5E161BEB41A80066737D /* tableview_pull_refresh@2x.png in Resources */ = {isa = PBXBuildFile; fileRef = DCBA5E101BEB41A80066737D /* tableview_pull_refresh@2x.png */; settings = {ASSET_TAGS = (); }; };
		DCBA5E171BEB41A80066737D /* tableview_pull_refresh@3x.png in Resources */ = {isa = PBXBuildFile; fileRef = DCBA5E111BEB41A80066737D /* tableview_pull_refresh@3x.png */; settings = {ASSET_TAGS = (); }; };
		DCBA5E181BEB41A80066737D /* UIScrollView+LDRefresh.m in Sources */ = {isa = PBXBuildFile; fileRef = DCBA5E131BEB41A80066737D /* UIScrollView+LDRefresh.m */; settings = {ASSET_TAGS = (); }; };
/* End PBXBuildFile section */

/* Begin PBXContainerItemProxy section */
		DCBA5DD21BEAE2A30066737D /* PBXContainerItemProxy */ = {
			isa = PBXContainerItemProxy;
			containerPortal = DCBA5DB01BEAE2A30066737D /* Project object */;
			proxyType = 1;
			remoteGlobalIDString = DCBA5DB71BEAE2A30066737D;
			remoteInfo = ScrollTab;
		};
		DCBA5DDD1BEAE2A30066737D /* PBXContainerItemProxy */ = {
			isa = PBXContainerItemProxy;
			containerPortal = DCBA5DB01BEAE2A30066737D /* Project object */;
			proxyType = 1;
			remoteGlobalIDString = DCBA5DB71BEAE2A30066737D;
			remoteInfo = ScrollTab;
		};
/* End PBXContainerItemProxy section */

/* Begin PBXFileReference section */
		B978223FA31281D84A083E39 /* Pods.debug.xcconfig */ = {isa = PBXFileReference; includeInIndex = 1; lastKnownFileType = text.xcconfig; name = Pods.debug.xcconfig; path = "Pods/Target Support Files/Pods/Pods.debug.xcconfig"; sourceTree = "<group>"; };
		D18F37A298149D135514E76D /* libPods.a */ = {isa = PBXFileReference; explicitFileType = archive.ar; includeInIndex = 0; path = libPods.a; sourceTree = BUILT_PRODUCTS_DIR; };
		DC6267E71BEC5AAC0096AD93 /* Podfile */ = {isa = PBXFileReference; fileEncoding = 4; lastKnownFileType = text; path = Podfile; sourceTree = "<group>"; };
		DCBA5DB81BEAE2A30066737D /* ScrollTab.app */ = {isa = PBXFileReference; explicitFileType = wrapper.application; includeInIndex = 0; path = ScrollTab.app; sourceTree = BUILT_PRODUCTS_DIR; };
		DCBA5DBC1BEAE2A30066737D /* main.m */ = {isa = PBXFileReference; lastKnownFileType = sourcecode.c.objc; path = main.m; sourceTree = "<group>"; };
		DCBA5DBE1BEAE2A30066737D /* AppDelegate.h */ = {isa = PBXFileReference; lastKnownFileType = sourcecode.c.h; path = AppDelegate.h; sourceTree = "<group>"; };
		DCBA5DBF1BEAE2A30066737D /* AppDelegate.m */ = {isa = PBXFileReference; lastKnownFileType = sourcecode.c.objc; path = AppDelegate.m; sourceTree = "<group>"; };
		DCBA5DC11BEAE2A30066737D /* ViewController.h */ = {isa = PBXFileReference; lastKnownFileType = sourcecode.c.h; path = ViewController.h; sourceTree = "<group>"; };
		DCBA5DC21BEAE2A30066737D /* ViewController.m */ = {isa = PBXFileReference; lastKnownFileType = sourcecode.c.objc; path = ViewController.m; sourceTree = "<group>"; };
		DCBA5DC51BEAE2A30066737D /* Base */ = {isa = PBXFileReference; lastKnownFileType = file.storyboard; name = Base; path = Base.lproj/Main.storyboard; sourceTree = "<group>"; };
		DCBA5DC71BEAE2A30066737D /* Assets.xcassets */ = {isa = PBXFileReference; lastKnownFileType = folder.assetcatalog; path = Assets.xcassets; sourceTree = "<group>"; };
		DCBA5DCA1BEAE2A30066737D /* Base */ = {isa = PBXFileReference; lastKnownFileType = file.storyboard; name = Base; path = Base.lproj/LaunchScreen.storyboard; sourceTree = "<group>"; };
		DCBA5DCC1BEAE2A30066737D /* Info.plist */ = {isa = PBXFileReference; lastKnownFileType = text.plist.xml; path = Info.plist; sourceTree = "<group>"; };
		DCBA5DD11BEAE2A30066737D /* ScrollTabTests.xctest */ = {isa = PBXFileReference; explicitFileType = wrapper.cfbundle; includeInIndex = 0; path = ScrollTabTests.xctest; sourceTree = BUILT_PRODUCTS_DIR; };
		DCBA5DD51BEAE2A30066737D /* ScrollTabTests.m */ = {isa = PBXFileReference; lastKnownFileType = sourcecode.c.objc; path = ScrollTabTests.m; sourceTree = "<group>"; };
		DCBA5DD71BEAE2A30066737D /* Info.plist */ = {isa = PBXFileReference; lastKnownFileType = text.plist.xml; path = Info.plist; sourceTree = "<group>"; };
		DCBA5DDC1BEAE2A30066737D /* ScrollTabUITests.xctest */ = {isa = PBXFileReference; explicitFileType = wrapper.cfbundle; includeInIndex = 0; path = ScrollTabUITests.xctest; sourceTree = BUILT_PRODUCTS_DIR; };
		DCBA5DE01BEAE2A30066737D /* ScrollTabUITests.m */ = {isa = PBXFileReference; lastKnownFileType = sourcecode.c.objc; path = ScrollTabUITests.m; sourceTree = "<group>"; };
		DCBA5DE21BEAE2A30066737D /* Info.plist */ = {isa = PBXFileReference; lastKnownFileType = text.plist.xml; path = Info.plist; sourceTree = "<group>"; };
		DCBA5DEE1BEAE2CA0066737D /* TSTView.h */ = {isa = PBXFileReference; fileEncoding = 4; lastKnownFileType = sourcecode.c.h; path = TSTView.h; sourceTree = "<group>"; };
		DCBA5DEF1BEAE2CA0066737D /* TSTView.m */ = {isa = PBXFileReference; fileEncoding = 4; lastKnownFileType = sourcecode.c.objc; path = TSTView.m; sourceTree = "<group>"; };
		DCBA5DF11BEAE2E00066737D /* NSLayoutConstraint+Util.h */ = {isa = PBXFileReference; fileEncoding = 4; lastKnownFileType = sourcecode.c.h; path = "NSLayoutConstraint+Util.h"; sourceTree = "<group>"; };
		DCBA5DF21BEAE2E00066737D /* NSLayoutConstraint+Util.m */ = {isa = PBXFileReference; fileEncoding = 4; lastKnownFileType = sourcecode.c.objc; path = "NSLayoutConstraint+Util.m"; sourceTree = "<group>"; };
		DCBA5DF41BEAF43C0066737D /* UIColor+Util.h */ = {isa = PBXFileReference; fileEncoding = 4; lastKnownFileType = sourcecode.c.h; path = "UIColor+Util.h"; sourceTree = "<group>"; };
		DCBA5DF51BEAF43C0066737D /* UIColor+Util.m */ = {isa = PBXFileReference; fileEncoding = 4; lastKnownFileType = sourcecode.c.objc; path = "UIColor+Util.m"; sourceTree = "<group>"; };
		DCBA5E0C1BEB41A80066737D /* LDRefreshFooterView.h */ = {isa = PBXFileReference; fileEncoding = 4; lastKnownFileType = sourcecode.c.h; path = LDRefreshFooterView.h; sourceTree = "<group>"; };
		DCBA5E0D1BEB41A80066737D /* LDRefreshFooterView.m */ = {isa = PBXFileReference; fileEncoding = 4; lastKnownFileType = sourcecode.c.objc; path = LDRefreshFooterView.m; sourceTree = "<group>"; };
		DCBA5E0E1BEB41A80066737D /* LDRefreshHeaderView.h */ = {isa = PBXFileReference; fileEncoding = 4; lastKnownFileType = sourcecode.c.h; path = LDRefreshHeaderView.h; sourceTree = "<group>"; };
		DCBA5E0F1BEB41A80066737D /* LDRefreshHeaderView.m */ = {isa = PBXFileReference; fileEncoding = 4; lastKnownFileType = sourcecode.c.objc; path = LDRefreshHeaderView.m; sourceTree = "<group>"; };
		DCBA5E101BEB41A80066737D /* tableview_pull_refresh@2x.png */ = {isa = PBXFileReference; lastKnownFileType = image.png; path = "tableview_pull_refresh@2x.png"; sourceTree = "<group>"; };
		DCBA5E111BEB41A80066737D /* tableview_pull_refresh@3x.png */ = {isa = PBXFileReference; lastKnownFileType = image.png; path = "tableview_pull_refresh@3x.png"; sourceTree = "<group>"; };
		DCBA5E121BEB41A80066737D /* UIScrollView+LDRefresh.h */ = {isa = PBXFileReference; fileEncoding = 4; lastKnownFileType = sourcecode.c.h; path = "UIScrollView+LDRefresh.h"; sourceTree = "<group>"; };
		DCBA5E131BEB41A80066737D /* UIScrollView+LDRefresh.m */ = {isa = PBXFileReference; fileEncoding = 4; lastKnownFileType = sourcecode.c.objc; path = "UIScrollView+LDRefresh.m"; sourceTree = "<group>"; };
		FEB4072F14842D007C9187C9 /* Pods.release.xcconfig */ = {isa = PBXFileReference; includeInIndex = 1; lastKnownFileType = text.xcconfig; name = Pods.release.xcconfig; path = "Pods/Target Support Files/Pods/Pods.release.xcconfig"; sourceTree = "<group>"; };
/* End PBXFileReference section */

/* Begin PBXFrameworksBuildPhase section */
		DCBA5DB51BEAE2A30066737D /* Frameworks */ = {
			isa = PBXFrameworksBuildPhase;
			buildActionMask = 2147483647;
			files = (
				C181FA57CB47BC6807B7FD32 /* libPods.a in Frameworks */,
			);
			runOnlyForDeploymentPostprocessing = 0;
		};
		DCBA5DCE1BEAE2A30066737D /* Frameworks */ = {
			isa = PBXFrameworksBuildPhase;
			buildActionMask = 2147483647;
			files = (
			);
			runOnlyForDeploymentPostprocessing = 0;
		};
		DCBA5DD91BEAE2A30066737D /* Frameworks */ = {
			isa = PBXFrameworksBuildPhase;
			buildActionMask = 2147483647;
			files = (
			);
			runOnlyForDeploymentPostprocessing = 0;
		};
/* End PBXFrameworksBuildPhase section */

/* Begin PBXGroup section */
		86BC0ACA22808C752B1295D8 /* Pods */ = {
			isa = PBXGroup;
			children = (
				B978223FA31281D84A083E39 /* Pods.debug.xcconfig */,
				FEB4072F14842D007C9187C9 /* Pods.release.xcconfig */,
			);
			name = Pods;
			sourceTree = "<group>";
		};
		B5B820DB32A06ADBBE24CCF9 /* Frameworks */ = {
			isa = PBXGroup;
			children = (
				D18F37A298149D135514E76D /* libPods.a */,
			);
			name = Frameworks;
			sourceTree = "<group>";
		};
		DCBA5DAF1BEAE2A30066737D = {
			isa = PBXGroup;
			children = (
				DC6267E71BEC5AAC0096AD93 /* Podfile */,
				DCBA5DBA1BEAE2A30066737D /* ScrollTab */,
				DCBA5DD41BEAE2A30066737D /* ScrollTabTests */,
				DCBA5DDF1BEAE2A30066737D /* ScrollTabUITests */,
				DCBA5DB91BEAE2A30066737D /* Products */,
				86BC0ACA22808C752B1295D8 /* Pods */,
				B5B820DB32A06ADBBE24CCF9 /* Frameworks */,
			);
			sourceTree = "<group>";
		};
		DCBA5DB91BEAE2A30066737D /* Products */ = {
			isa = PBXGroup;
			children = (
				DCBA5DB81BEAE2A30066737D /* ScrollTab.app */,
				DCBA5DD11BEAE2A30066737D /* ScrollTabTests.xctest */,
				DCBA5DDC1BEAE2A30066737D /* ScrollTabUITests.xctest */,
			);
			name = Products;
			sourceTree = "<group>";
		};
		DCBA5DBA1BEAE2A30066737D /* ScrollTab */ = {
			isa = PBXGroup;
			children = (
				DCBA5E1B1BEB4E8E0066737D /* controller */,
				DCBA5E1A1BEB4E800066737D /* resource */,
				DCBA5E191BEB4E6D0066737D /* app */,
				DCBA5DF91BEB2A310066737D /* third */,
				DCBA5DF81BEB2A1E0066737D /* view */,
				DCBA5DF71BEB2A150066737D /* catalog */,
				DCBA5DCC1BEAE2A30066737D /* Info.plist */,
				DCBA5DBB1BEAE2A30066737D /* Supporting Files */,
			);
			path = ScrollTab;
			sourceTree = "<group>";
		};
		DCBA5DBB1BEAE2A30066737D /* Supporting Files */ = {
			isa = PBXGroup;
			children = (
				DCBA5DBC1BEAE2A30066737D /* main.m */,
			);
			name = "Supporting Files";
			sourceTree = "<group>";
		};
		DCBA5DD41BEAE2A30066737D /* ScrollTabTests */ = {
			isa = PBXGroup;
			children = (
				DCBA5DD51BEAE2A30066737D /* ScrollTabTests.m */,
				DCBA5DD71BEAE2A30066737D /* Info.plist */,
			);
			path = ScrollTabTests;
			sourceTree = "<group>";
		};
		DCBA5DDF1BEAE2A30066737D /* ScrollTabUITests */ = {
			isa = PBXGroup;
			children = (
				DCBA5DE01BEAE2A30066737D /* ScrollTabUITests.m */,
				DCBA5DE21BEAE2A30066737D /* Info.plist */,
			);
			path = ScrollTabUITests;
			sourceTree = "<group>";
		};
		DCBA5DF71BEB2A150066737D /* catalog */ = {
			isa = PBXGroup;
			children = (
				DCBA5DF41BEAF43C0066737D /* UIColor+Util.h */,
				DCBA5DF51BEAF43C0066737D /* UIColor+Util.m */,
				DCBA5DF11BEAE2E00066737D /* NSLayoutConstraint+Util.h */,
				DCBA5DF21BEAE2E00066737D /* NSLayoutConstraint+Util.m */,
			);
			name = catalog;
			sourceTree = "<group>";
		};
		DCBA5DF81BEB2A1E0066737D /* view */ = {
			isa = PBXGroup;
			children = (
				DCBA5DEE1BEAE2CA0066737D /* TSTView.h */,
				DCBA5DEF1BEAE2CA0066737D /* TSTView.m */,
			);
			name = view;
			sourceTree = "<group>";
		};
		DCBA5DF91BEB2A310066737D /* third */ = {
			isa = PBXGroup;
			children = (
				DCBA5E0B1BEB41A80066737D /* LDRefresh */,
			);
			name = third;
			sourceTree = "<group>";
		};
		DCBA5E0B1BEB41A80066737D /* LDRefresh */ = {
			isa = PBXGroup;
			children = (
				DCBA5E0C1BEB41A80066737D /* LDRefreshFooterView.h */,
				DCBA5E0D1BEB41A80066737D /* LDRefreshFooterView.m */,
				DCBA5E0E1BEB41A80066737D /* LDRefreshHeaderView.h */,
				DCBA5E0F1BEB41A80066737D /* LDRefreshHeaderView.m */,
				DCBA5E101BEB41A80066737D /* tableview_pull_refresh@2x.png */,
				DCBA5E111BEB41A80066737D /* tableview_pull_refresh@3x.png */,
				DCBA5E121BEB41A80066737D /* UIScrollView+LDRefresh.h */,
				DCBA5E131BEB41A80066737D /* UIScrollView+LDRefresh.m */,
			);
			path = LDRefresh;
			sourceTree = "<group>";
		};
		DCBA5E191BEB4E6D0066737D /* app */ = {
			isa = PBXGroup;
			children = (
				DCBA5DC91BEAE2A30066737D /* LaunchScreen.storyboard */,
				DCBA5DC41BEAE2A30066737D /* Main.storyboard */,
				DCBA5DBE1BEAE2A30066737D /* AppDelegate.h */,
				DCBA5DBF1BEAE2A30066737D /* AppDelegate.m */,
			);
			name = app;
			sourceTree = "<group>";
		};
		DCBA5E1A1BEB4E800066737D /* resource */ = {
			isa = PBXGroup;
			children = (
				DCBA5DC71BEAE2A30066737D /* Assets.xcassets */,
			);
			name = resource;
			sourceTree = "<group>";
		};
		DCBA5E1B1BEB4E8E0066737D /* controller */ = {
			isa = PBXGroup;
			children = (
				DCBA5DC11BEAE2A30066737D /* ViewController.h */,
				DCBA5DC21BEAE2A30066737D /* ViewController.m */,
			);
			name = controller;
			sourceTree = "<group>";
		};
/* End PBXGroup section */

/* Begin PBXNativeTarget section */
		DCBA5DB71BEAE2A30066737D /* ScrollTab */ = {
			isa = PBXNativeTarget;
			buildConfigurationList = DCBA5DE51BEAE2A30066737D /* Build configuration list for PBXNativeTarget "ScrollTab" */;
			buildPhases = (
				B0C8F2BB2C260E51A3A13E16 /* Check Pods Manifest.lock */,
				DCBA5DB41BEAE2A30066737D /* Sources */,
				DCBA5DB51BEAE2A30066737D /* Frameworks */,
				DCBA5DB61BEAE2A30066737D /* Resources */,
				20E625E180674D2B349FD18B /* Copy Pods Resources */,
			);
			buildRules = (
			);
			dependencies = (
			);
			name = ScrollTab;
			productName = ScrollTab;
			productReference = DCBA5DB81BEAE2A30066737D /* ScrollTab.app */;
			productType = "com.apple.product-type.application";
		};
		DCBA5DD01BEAE2A30066737D /* ScrollTabTests */ = {
			isa = PBXNativeTarget;
			buildConfigurationList = DCBA5DE81BEAE2A30066737D /* Build configuration list for PBXNativeTarget "ScrollTabTests" */;
			buildPhases = (
				DCBA5DCD1BEAE2A30066737D /* Sources */,
				DCBA5DCE1BEAE2A30066737D /* Frameworks */,
				DCBA5DCF1BEAE2A30066737D /* Resources */,
			);
			buildRules = (
			);
			dependencies = (
				DCBA5DD31BEAE2A30066737D /* PBXTargetDependency */,
			);
			name = ScrollTabTests;
			productName = ScrollTabTests;
			productReference = DCBA5DD11BEAE2A30066737D /* ScrollTabTests.xctest */;
			productType = "com.apple.product-type.bundle.unit-test";
		};
		DCBA5DDB1BEAE2A30066737D /* ScrollTabUITests */ = {
			isa = PBXNativeTarget;
			buildConfigurationList = DCBA5DEB1BEAE2A30066737D /* Build configuration list for PBXNativeTarget "ScrollTabUITests" */;
			buildPhases = (
				DCBA5DD81BEAE2A30066737D /* Sources */,
				DCBA5DD91BEAE2A30066737D /* Frameworks */,
				DCBA5DDA1BEAE2A30066737D /* Resources */,
			);
			buildRules = (
			);
			dependencies = (
				DCBA5DDE1BEAE2A30066737D /* PBXTargetDependency */,
			);
			name = ScrollTabUITests;
			productName = ScrollTabUITests;
			productReference = DCBA5DDC1BEAE2A30066737D /* ScrollTabUITests.xctest */;
			productType = "com.apple.product-type.bundle.ui-testing";
		};
/* End PBXNativeTarget section */

/* Begin PBXProject section */
		DCBA5DB01BEAE2A30066737D /* Project object */ = {
			isa = PBXProject;
			attributes = {
				LastUpgradeCheck = 0700;
				ORGANIZATIONNAME = coder;
				TargetAttributes = {
					DCBA5DB71BEAE2A30066737D = {
						CreatedOnToolsVersion = 7.0.1;
					};
					DCBA5DD01BEAE2A30066737D = {
						CreatedOnToolsVersion = 7.0.1;
						TestTargetID = DCBA5DB71BEAE2A30066737D;
					};
					DCBA5DDB1BEAE2A30066737D = {
						CreatedOnToolsVersion = 7.0.1;
						TestTargetID = DCBA5DB71BEAE2A30066737D;
					};
				};
			};
			buildConfigurationList = DCBA5DB31BEAE2A30066737D /* Build configuration list for PBXProject "ScrollTab" */;
			compatibilityVersion = "Xcode 3.2";
			developmentRegion = English;
			hasScannedForEncodings = 0;
			knownRegions = (
				en,
				Base,
			);
			mainGroup = DCBA5DAF1BEAE2A30066737D;
			productRefGroup = DCBA5DB91BEAE2A30066737D /* Products */;
			projectDirPath = "";
			projectRoot = "";
			targets = (
				DCBA5DB71BEAE2A30066737D /* ScrollTab */,
				DCBA5DD01BEAE2A30066737D /* ScrollTabTests */,
				DCBA5DDB1BEAE2A30066737D /* ScrollTabUITests */,
			);
		};
/* End PBXProject section */

/* Begin PBXResourcesBuildPhase section */
		DCBA5DB61BEAE2A30066737D /* Resources */ = {
			isa = PBXResourcesBuildPhase;
			buildActionMask = 2147483647;
			files = (
				DC6267E81BEC5AAC0096AD93 /* Podfile in Resources */,
				DCBA5DCB1BEAE2A30066737D /* LaunchScreen.storyboard in Resources */,
				DCBA5DC81BEAE2A30066737D /* Assets.xcassets in Resources */,
				DCBA5DC61BEAE2A30066737D /* Main.storyboard in Resources */,
				DCBA5E171BEB41A80066737D /* tableview_pull_refresh@3x.png in Resources */,
				DCBA5E161BEB41A80066737D /* tableview_pull_refresh@2x.png in Resources */,
			);
			runOnlyForDeploymentPostprocessing = 0;
		};
		DCBA5DCF1BEAE2A30066737D /* Resources */ = {
			isa = PBXResourcesBuildPhase;
			buildActionMask = 2147483647;
			files = (
			);
			runOnlyForDeploymentPostprocessing = 0;
		};
		DCBA5DDA1BEAE2A30066737D /* Resources */ = {
			isa = PBXResourcesBuildPhase;
			buildActionMask = 2147483647;
			files = (
			);
			runOnlyForDeploymentPostprocessing = 0;
		};
/* End PBXResourcesBuildPhase section */

/* Begin PBXShellScriptBuildPhase section */
		20E625E180674D2B349FD18B /* Copy Pods Resources */ = {
			isa = PBXShellScriptBuildPhase;
			buildActionMask = 2147483647;
			files = (
			);
			inputPaths = (
			);
			name = "Copy Pods Resources";
			outputPaths = (
			);
			runOnlyForDeploymentPostprocessing = 0;
			shellPath = /bin/sh;
			shellScript = "\"${SRCROOT}/Pods/Target Support Files/Pods/Pods-resources.sh\"\n";
			showEnvVarsInLog = 0;
		};
		B0C8F2BB2C260E51A3A13E16 /* Check Pods Manifest.lock */ = {
			isa = PBXShellScriptBuildPhase;
			buildActionMask = 2147483647;
			files = (
			);
			inputPaths = (
			);
			name = "Check Pods Manifest.lock";
			outputPaths = (
			);
			runOnlyForDeploymentPostprocessing = 0;
			shellPath = /bin/sh;
			shellScript = "diff \"${PODS_ROOT}/../Podfile.lock\" \"${PODS_ROOT}/Manifest.lock\" > /dev/null\nif [[ $? != 0 ]] ; then\n    cat << EOM\nerror: The sandbox is not in sync with the Podfile.lock. Run 'pod install' or update your CocoaPods installation.\nEOM\n    exit 1\nfi\n";
			showEnvVarsInLog = 0;
		};
/* End PBXShellScriptBuildPhase section */

/* Begin PBXSourcesBuildPhase section */
		DCBA5DB41BEAE2A30066737D /* Sources */ = {
			isa = PBXSourcesBuildPhase;
			buildActionMask = 2147483647;
			files = (
				DCBA5DF31BEAE2E00066737D /* NSLayoutConstraint+Util.m in Sources */,
				DCBA5DF61BEAF43C0066737D /* UIColor+Util.m in Sources */,
				DCBA5DC31BEAE2A30066737D /* ViewController.m in Sources */,
				DCBA5E151BEB41A80066737D /* LDRefreshHeaderView.m in Sources */,
				DCBA5E181BEB41A80066737D /* UIScrollView+LDRefresh.m in Sources */,
				DCBA5DC01BEAE2A30066737D /* AppDelegate.m in Sources */,
				DCBA5DF01BEAE2CA0066737D /* TSTView.m in Sources */,
				DCBA5E141BEB41A80066737D /* LDRefreshFooterView.m in Sources */,
				DCBA5DBD1BEAE2A30066737D /* main.m in Sources */,
			);
			runOnlyForDeploymentPostprocessing = 0;
		};
		DCBA5DCD1BEAE2A30066737D /* Sources */ = {
			isa = PBXSourcesBuildPhase;
			buildActionMask = 2147483647;
			files = (
				DCBA5DD61BEAE2A30066737D /* ScrollTabTests.m in Sources */,
			);
			runOnlyForDeploymentPostprocessing = 0;
		};
		DCBA5DD81BEAE2A30066737D /* Sources */ = {
			isa = PBXSourcesBuildPhase;
			buildActionMask = 2147483647;
			files = (
				DCBA5DE11BEAE2A30066737D /* ScrollTabUITests.m in Sources */,
			);
			runOnlyForDeploymentPostprocessing = 0;
		};
/* End PBXSourcesBuildPhase section */

/* Begin PBXTargetDependency section */
		DCBA5DD31BEAE2A30066737D /* PBXTargetDependency */ = {
			isa = PBXTargetDependency;
			target = DCBA5DB71BEAE2A30066737D /* ScrollTab */;
			targetProxy = DCBA5DD21BEAE2A30066737D /* PBXContainerItemProxy */;
		};
		DCBA5DDE1BEAE2A30066737D /* PBXTargetDependency */ = {
			isa = PBXTargetDependency;
			target = DCBA5DB71BEAE2A30066737D /* ScrollTab */;
			targetProxy = DCBA5DDD1BEAE2A30066737D /* PBXContainerItemProxy */;
		};
/* End PBXTargetDependency section */

/* Begin PBXVariantGroup section */
		DCBA5DC41BEAE2A30066737D /* Main.storyboard */ = {
			isa = PBXVariantGroup;
			children = (
				DCBA5DC51BEAE2A30066737D /* Base */,
			);
			name = Main.storyboard;
			sourceTree = "<group>";
		};
		DCBA5DC91BEAE2A30066737D /* LaunchScreen.storyboard */ = {
			isa = PBXVariantGroup;
			children = (
				DCBA5DCA1BEAE2A30066737D /* Base */,
			);
			name = LaunchScreen.storyboard;
			sourceTree = "<group>";
		};
/* End PBXVariantGroup section */

/* Begin XCBuildConfiguration section */
		DCBA5DE31BEAE2A30066737D /* Debug */ = {
			isa = XCBuildConfiguration;
			buildSettings = {
				ALWAYS_SEARCH_USER_PATHS = NO;
				CLANG_CXX_LANGUAGE_STANDARD = "gnu++0x";
				CLANG_CXX_LIBRARY = "libc++";
				CLANG_ENABLE_MODULES = YES;
				CLANG_ENABLE_OBJC_ARC = YES;
				CLANG_WARN_BOOL_CONVERSION = YES;
				CLANG_WARN_CONSTANT_CONVERSION = YES;
				CLANG_WARN_DIRECT_OBJC_ISA_USAGE = YES_ERROR;
				CLANG_WARN_EMPTY_BODY = YES;
				CLANG_WARN_ENUM_CONVERSION = YES;
				CLANG_WARN_INT_CONVERSION = YES;
				CLANG_WARN_OBJC_ROOT_CLASS = YES_ERROR;
				CLANG_WARN_UNREACHABLE_CODE = YES;
				CLANG_WARN__DUPLICATE_METHOD_MATCH = YES;
				"CODE_SIGN_IDENTITY[sdk=iphoneos*]" = "iPhone Developer";
				COPY_PHASE_STRIP = NO;
				DEBUG_INFORMATION_FORMAT = dwarf;
				ENABLE_STRICT_OBJC_MSGSEND = YES;
				ENABLE_TESTABILITY = YES;
				GCC_C_LANGUAGE_STANDARD = gnu99;
				GCC_DYNAMIC_NO_PIC = NO;
				GCC_NO_COMMON_BLOCKS = YES;
				GCC_OPTIMIZATION_LEVEL = 0;
				GCC_PREPROCESSOR_DEFINITIONS = (
					"DEBUG=1",
					"$(inherited)",
				);
				GCC_WARN_64_TO_32_BIT_CONVERSION = YES;
				GCC_WARN_ABOUT_RETURN_TYPE = YES_ERROR;
				GCC_WARN_UNDECLARED_SELECTOR = YES;
				GCC_WARN_UNINITIALIZED_AUTOS = YES_AGGRESSIVE;
				GCC_WARN_UNUSED_FUNCTION = YES;
				GCC_WARN_UNUSED_VARIABLE = YES;
				IPHONEOS_DEPLOYMENT_TARGET = 9.0;
				MTL_ENABLE_DEBUG_INFO = YES;
				ONLY_ACTIVE_ARCH = YES;
				SDKROOT = iphoneos;
			};
			name = Debug;
		};
		DCBA5DE41BEAE2A30066737D /* Release */ = {
			isa = XCBuildConfiguration;
			buildSettings = {
				ALWAYS_SEARCH_USER_PATHS = NO;
				CLANG_CXX_LANGUAGE_STANDARD = "gnu++0x";
				CLANG_CXX_LIBRARY = "libc++";
				CLANG_ENABLE_MODULES = YES;
				CLANG_ENABLE_OBJC_ARC = YES;
				CLANG_WARN_BOOL_CONVERSION = YES;
				CLANG_WARN_CONSTANT_CONVERSION = YES;
				CLANG_WARN_DIRECT_OBJC_ISA_USAGE = YES_ERROR;
				CLANG_WARN_EMPTY_BODY = YES;
				CLANG_WARN_ENUM_CONVERSION = YES;
				CLANG_WARN_INT_CONVERSION = YES;
				CLANG_WARN_OBJC_ROOT_CLASS = YES_ERROR;
				CLANG_WARN_UNREACHABLE_CODE = YES;
				CLANG_WARN__DUPLICATE_METHOD_MATCH = YES;
				"CODE_SIGN_IDENTITY[sdk=iphoneos*]" = "iPhone Developer";
				COPY_PHASE_STRIP = NO;
				DEBUG_INFORMATION_FORMAT = "dwarf-with-dsym";
				ENABLE_NS_ASSERTIONS = NO;
				ENABLE_STRICT_OBJC_MSGSEND = YES;
				GCC_C_LANGUAGE_STANDARD = gnu99;
				GCC_NO_COMMON_BLOCKS = YES;
				GCC_WARN_64_TO_32_BIT_CONVERSION = YES;
				GCC_WARN_ABOUT_RETURN_TYPE = YES_ERROR;
				GCC_WARN_UNDECLARED_SELECTOR = YES;
				GCC_WARN_UNINITIALIZED_AUTOS = YES_AGGRESSIVE;
				GCC_WARN_UNUSED_FUNCTION = YES;
				GCC_WARN_UNUSED_VARIABLE = YES;
				IPHONEOS_DEPLOYMENT_TARGET = 9.0;
				MTL_ENABLE_DEBUG_INFO = NO;
				SDKROOT = iphoneos;
				VALIDATE_PRODUCT = YES;
			};
			name = Release;
		};
		DCBA5DE61BEAE2A30066737D /* Debug */ = {
			isa = XCBuildConfiguration;
			baseConfigurationReference = B978223FA31281D84A083E39 /* Pods.debug.xcconfig */;
			buildSettings = {
				ASSETCATALOG_COMPILER_APPICON_NAME = AppIcon;
				INFOPLIST_FILE = ScrollTab/Info.plist;
				IPHONEOS_DEPLOYMENT_TARGET = 8.1;
				LD_RUNPATH_SEARCH_PATHS = "$(inherited) @executable_path/Frameworks";
				PRODUCT_BUNDLE_IDENTIFIER = com.vbuy.ScrollTab;
				PRODUCT_NAME = "$(TARGET_NAME)";
			};
			name = Debug;
		};
		DCBA5DE71BEAE2A30066737D /* Release */ = {
			isa = XCBuildConfiguration;
			baseConfigurationReference = FEB4072F14842D007C9187C9 /* Pods.release.xcconfig */;
			buildSettings = {
				ASSETCATALOG_COMPILER_APPICON_NAME = AppIcon;
				INFOPLIST_FILE = ScrollTab/Info.plist;
				IPHONEOS_DEPLOYMENT_TARGET = 8.1;
				LD_RUNPATH_SEARCH_PATHS = "$(inherited) @executable_path/Frameworks";
				PRODUCT_BUNDLE_IDENTIFIER = com.vbuy.ScrollTab;
				PRODUCT_NAME = "$(TARGET_NAME)";
			};
			name = Release;
		};
		DCBA5DE91BEAE2A30066737D /* Debug */ = {
			isa = XCBuildConfiguration;
			buildSettings = {
				BUNDLE_LOADER = "$(TEST_HOST)";
				INFOPLIST_FILE = ScrollTabTests/Info.plist;
				LD_RUNPATH_SEARCH_PATHS = "$(inherited) @executable_path/Frameworks @loader_path/Frameworks";
				PRODUCT_BUNDLE_IDENTIFIER = com.vbuy.ScrollTabTests;
				PRODUCT_NAME = "$(TARGET_NAME)";
				TEST_HOST = "$(BUILT_PRODUCTS_DIR)/ScrollTab.app/ScrollTab";
			};
			name = Debug;
		};
		DCBA5DEA1BEAE2A30066737D /* Release */ = {
			isa = XCBuildConfiguration;
			buildSettings = {
				BUNDLE_LOADER = "$(TEST_HOST)";
				INFOPLIST_FILE = ScrollTabTests/Info.plist;
				LD_RUNPATH_SEARCH_PATHS = "$(inherited) @executable_path/Frameworks @loader_path/Frameworks";
				PRODUCT_BUNDLE_IDENTIFIER = com.vbuy.ScrollTabTests;
				PRODUCT_NAME = "$(TARGET_NAME)";
				TEST_HOST = "$(BUILT_PRODUCTS_DIR)/ScrollTab.app/ScrollTab";
			};
			name = Release;
		};
		DCBA5DEC1BEAE2A30066737D /* Debug */ = {
			isa = XCBuildConfiguration;
			buildSettings = {
				INFOPLIST_FILE = ScrollTabUITests/Info.plist;
				LD_RUNPATH_SEARCH_PATHS = "$(inherited) @executable_path/Frameworks @loader_path/Frameworks";
				PRODUCT_BUNDLE_IDENTIFIER = com.vbuy.ScrollTabUITests;
				PRODUCT_NAME = "$(TARGET_NAME)";
				TEST_TARGET_NAME = ScrollTab;
				USES_XCTRUNNER = YES;
			};
			name = Debug;
		};
		DCBA5DED1BEAE2A30066737D /* Release */ = {
			isa = XCBuildConfiguration;
			buildSettings = {
				INFOPLIST_FILE = ScrollTabUITests/Info.plist;
				LD_RUNPATH_SEARCH_PATHS = "$(inherited) @executable_path/Frameworks @loader_path/Frameworks";
				PRODUCT_BUNDLE_IDENTIFIER = com.vbuy.ScrollTabUITests;
				PRODUCT_NAME = "$(TARGET_NAME)";
				TEST_TARGET_NAME = ScrollTab;
				USES_XCTRUNNER = YES;
			};
			name = Release;
		};
/* End XCBuildConfiguration section */

/* Begin XCConfigurationList section */
		DCBA5DB31BEAE2A30066737D /* Build configuration list for PBXProject "ScrollTab" */ = {
			isa = XCConfigurationList;
			buildConfigurations = (
				DCBA5DE31BEAE2A30066737D /* Debug */,
				DCBA5DE41BEAE2A30066737D /* Release */,
			);
			defaultConfigurationIsVisible = 0;
			defaultConfigurationName = Release;
		};
		DCBA5DE51BEAE2A30066737D /* Build configuration list for PBXNativeTarget "ScrollTab" */ = {
			isa = XCConfigurationList;
			buildConfigurations = (
				DCBA5DE61BEAE2A30066737D /* Debug */,
				DCBA5DE71BEAE2A30066737D /* Release */,
			);
			defaultConfigurationIsVisible = 0;
			defaultConfigurationName = Release;
		};
		DCBA5DE81BEAE2A30066737D /* Build configuration list for PBXNativeTarget "ScrollTabTests" */ = {
			isa = XCConfigurationList;
			buildConfigurations = (
				DCBA5DE91BEAE2A30066737D /* Debug */,
				DCBA5DEA1BEAE2A30066737D /* Release */,
			);
			defaultConfigurationIsVisible = 0;
			defaultConfigurationName = Release;
		};
		DCBA5DEB1BEAE2A30066737D /* Build configuration list for PBXNativeTarget "ScrollTabUITests" */ = {
			isa = XCConfigurationList;
			buildConfigurations = (
				DCBA5DEC1BEAE2A30066737D /* Debug */,
				DCBA5DED1BEAE2A30066737D /* Release */,
			);
			defaultConfigurationIsVisible = 0;
			defaultConfigurationName = Release;
		};
/* End XCConfigurationList section */
	};
	rootObject = DCBA5DB01BEAE2A30066737D /* Project object */;
}
